<?xml version="1.0" encoding="utf-8"?>
<Project ToolsVersion="4.0" xmlns="http://schemas.microsoft.com/developer/msbuild/2003">
  <ItemGroup>
    <Filter Include="Source Files">
      <UniqueIdentifier>{4FC737F1-C7A5-4376-A066-2A32D752A2FF}</UniqueIdentifier>
      <Extensions>cpp;c;cc;cxx;def;odl;idl;hpj;bat;asm;asmx</Extensions>
    </Filter>
    <Filter Include="Header Files">
      <UniqueIdentifier>{93995380-89BD-4b04-88EB-625FBE52EBFB}</UniqueIdentifier>
      <Extensions>h;hh;hpp;hxx;hm;inl;inc;xsd</Extensions>
    </Filter>
    <Filter Include="Resource Files">
      <UniqueIdentifier>{67DA6AB6-F800-4c08-8B7A-83BB121AAD01}</UniqueIdentifier>
      <Extensions>rc;ico;cur;bmp;dlg;rc2;rct;bin;rgs;gif;jpg;jpeg;jpe;resx;tiff;tif;png;wav;mfcribbon-ms</Extensions>
    </Filter>
    <Filter Include="shaders">
      <UniqueIdentifier>{83b3fee2-54a3-4b3d-99da-af264152266a}</UniqueIdentifier>
    </Filter>
    <Filter Include="Header Files\exceptions">
      <UniqueIdentifier>{d114926d-8808-473e-b556-f97a7f593a70}</UniqueIdentifier>
    </Filter>
  </ItemGroup>
  <ItemGroup>
    <ClCompile Include="..\engine\primitives\entities\entity.cpp">
      <Filter>Source Files</Filter>
    </ClCompile>
    <ClCompile Include="..\engine\primitives\entities\entity2d.cpp">
      <Filter>Source Files</Filter>
    </ClCompile>
    <ClCompile Include="..\engine\primitives\rectangle.cpp">
      <Filter>Source Files</Filter>
    </ClCompile>
    <ClCompile Include="..\engine\shaders\vertex_shader.cpp">
      <Filter>Source Files</Filter>
    </ClCompile>
    <ClCompile Include="..\engine\shaders\fragment_shader.cpp">
      <Filter>Source Files</Filter>
    </ClCompile>
    <ClCompile Include="..\engine\shaders\shader.cpp">
      <Filter>Source Files</Filter>
    </ClCompile>
    <ClCompile Include="..\engine\shaders\shader_program.cpp">
      <Filter>Source Files</Filter>
    </ClCompile>
  </ItemGroup>
  <ItemGroup>
    <ClInclude Include="..\engine\primitives\entities\entity.h">
      <Filter>Header Files</Filter>
    </ClInclude>
    <ClInclude Include="..\engine\primitives\entities\entity2d.h">
      <Filter>Header Files</Filter>
    </ClInclude>
    <ClInclude Include="..\engine\primitives\rectangle.h">
      <Filter>Header Files</Filter>
    </ClInclude>
    <ClInclude Include="..\engine\shaders\fragment_shader.h">
      <Filter>Header Files</Filter>
    </ClInclude>
    <ClInclude Include="..\engine\shaders\shader.h">
      <Filter>Header Files</Filter>
    </ClInclude>
    <ClInclude Include="..\engine\shaders\vertex_shader.h">
      <Filter>Header Files</Filter>
    </ClInclude>
    <ClInclude Include="..\engine\shaders\shader_program.h">
      <Filter>Header Files</Filter>
    </ClInclude>
    <ClInclude Include="..\engine\exceptions\shader_compile_exception.h">
      <Filter>Header Files\exceptions</Filter>
    </ClInclude>
    <ClInclude Include="..\engine\exceptions\shader_link_exception.h">
      <Filter>Header Files\exceptions</Filter>
    </ClInclude>
    <ClInclude Include="..\engine\exceptions\file_not_found_exception.h">
      <Filter>Header Files\exceptions</Filter>
    </ClInclude>
  </ItemGroup>
  <ItemGroup>
    <None Include="..\engine\glsl\simple_fs.glsl">
      <Filter>shaders</Filter>
    </None>
    <None Include="..\engine\glsl\simple_vs.glsl">
      <Filter>shaders</Filter>
    </None>
  </ItemGroup>
</Project>